# THIS IS AN AUTOGENERATED FILE. DO NOT EDIT THIS FILE DIRECTLY.
# yarn lockfile v1


"@ezuikit/player-plugin-record@9.1.0-beta.10":
  version "9.1.0-beta.10"
  resolved "https://registry.yarnpkg.com/@ezuikit/player-plugin-record/-/player-plugin-record-9.1.0-beta.10.tgz#a1ee28b2e3fb00af38b62eea80d362c84058d1d0"
  integrity sha512-tey8hojENsbjvHKHkkGdr9rzzgNgabnxJAaMY9huV7fW0HjUWbQ0ALLgJuI2j65WfGgbRm0e+aAxaSlFKiUyAQ==
  dependencies:
    "@ezuikit/utils-tools" "2.0.5"

"@ezuikit/utils-i18n@2.0.1":
  version "2.0.1"
  resolved "https://registry.yarnpkg.com/@ezuikit/utils-i18n/-/utils-i18n-2.0.1.tgz#e4a5d0b921763ab5554cedc02fb8e058f4640802"
  integrity sha512-846z2bDpCxioTBO3KG8Uw8QUFa6hzquSzmZKWPO6fjT3P4v6zNnXRz+Z3JCPlXnc4eesi03A+JmMAU6m5KI4gg==
  dependencies:
    deepmerge "^4.3.1"

"@ezuikit/utils-logger@2.0.1":
  version "2.0.1"
  resolved "https://registry.yarnpkg.com/@ezuikit/utils-logger/-/utils-logger-2.0.1.tgz#5493ec1e388a55b14e557581cb382edcae71cfdc"
  integrity sha512-AeLLR9ZQJkSJFfCicpkVBcnOE4zyQMp4W4997sTEGyF3k3I8Upkfn4Cye2A44MIphdw6eytKlaJp6H4joSafQw==

"@ezuikit/utils-service@1.0.1":
  version "1.0.1"
  resolved "https://registry.yarnpkg.com/@ezuikit/utils-service/-/utils-service-1.0.1.tgz#0465539cd6e4b9a15e60f6a67f29f7310bad8ca2"
  integrity sha512-iNjYuU7AScBJxvKBM9PjiGI2y64QJNPT/H1Fy/Y7ZIAlw4DO//TP+x50qCho+i+EOUpWLtOqBQvtRb7a0O4X4Q==
  dependencies:
    "@ezuikit/utils-tools" "^1.0.1"
    dayjs "^1.11.10"

"@ezuikit/utils-tools@2.0.5":
  version "2.0.5"
  resolved "https://registry.yarnpkg.com/@ezuikit/utils-tools/-/utils-tools-2.0.5.tgz#81edb936af448d52e61aa7425d7faa4ec1100bd0"
  integrity sha512-7SR3kKQdColQ+Rz/PPaLzHi8Yv3RuhFUh3iMymonlO95OJSZBgjaTSX5QNeTnZIi57soNVoHByR4tS/JbMA4Wg==

"@ezuikit/utils-tools@^1.0.1":
  version "1.1.0"
  resolved "https://registry.yarnpkg.com/@ezuikit/utils-tools/-/utils-tools-1.1.0.tgz#2986443242e4e20c4aa1250030a5cbe5a43c58b5"
  integrity sha512-mujPtXIhZnuJrJySu1/Z6X90sMJQStZydurZcfetMCH6pqIYN4P+1w6+P8PCTR6k4LJp5nY9+eNnKa7AZ8OBKA==

dayjs@^1.11.10:
  version "1.11.19"
  resolved "https://registry.yarnpkg.com/dayjs/-/dayjs-1.11.19.tgz#15dc98e854bb43917f12021806af897c58ae2938"
  integrity sha512-t5EcLVS6QPBNqM2z8fakk/NKel+Xzshgt8FFKAn+qwlD1pzZWxh0nVCrvFK7ZDb6XucZeF9z8C7CBWTRIVApAw==

deepmerge@^4.3.1:
  version "4.3.1"
  resolved "https://registry.yarnpkg.com/deepmerge/-/deepmerge-4.3.1.tgz#44b5f2147cd3b00d4b56137685966f26fd25dd4a"
  integrity sha512-3sUqbMEc77XqpdNO7FRyRog+eW3ph+GYCbj+rK+uYyRMuwsVy0rMiVtPn+QJlKFvWP/1PYpapqYn0Me2knFn+A==

eventemitter3@^5.0.1:
  version "5.0.1"
  resolved "https://registry.yarnpkg.com/eventemitter3/-/eventemitter3-5.0.1.tgz#53f5ffd0a492ac800721bb42c66b841de96423c4"
  integrity sha512-GWkBvjiSZK87ELrYOSESUYeVIc9mvLLf/nXalMOS5dYrgZq9o5OVkbZAVM06CVxYsCwH9BDZFPlQTlPA1j4ahA==

screenfull@^5.2.0:
  version "5.2.0"
  resolved "https://registry.yarnpkg.com/screenfull/-/screenfull-5.2.0.tgz#6533d524d30621fc1283b9692146f3f13a93d1ba"
  integrity sha512-9BakfsO2aUQN2K9Fdbj87RJIEZ82Q9IGim7FqM5OsebfoFC6ZHXgDq/KvniuLTPdeM8wY2o6Dj3WQ7KeQCj3cA==

ua-parser-js@1.0.37:
  version "1.0.37"
  resolved "https://registry.yarnpkg.com/ua-parser-js/-/ua-parser-js-1.0.37.tgz#b5dc7b163a5c1f0c510b08446aed4da92c46373f"
  integrity sha512-bhTyI94tZofjo+Dn8SN6Zv8nBDvyXTymAdM3LDI/0IboIUwTu1rEhW7v2TfiVsoYWgkQ4kOVqnI8APUFbIQIFQ==
