# THIS IS AN AUTOGENERATED FILE. DO NOT EDIT THIS FILE DIRECTLY.
# yarn lockfile v1


"@ezuikit/player-plugin-record@9.2.0-beta.1":
  version "9.2.0-beta.1"
  resolved "https://registry.yarnpkg.com/@ezuikit/player-plugin-record/-/player-plugin-record-9.2.0-beta.1.tgz#18e230f27e78c7d8745572f3c9d5083ca02c38bd"
  integrity sha512-SA7IlSckKfoW73QhW9CjirnSRQHYYgstLIAhWzbL9/rvhj0AJ84NgvzRfySN10pkk7lZ485XQQwyBJgZFbz/6w==
  dependencies:
    "@ezuikit/utils-tools" "^2.0.6"

"@ezuikit/utils-i18n@^2.0.1":
  version "2.0.1"
  resolved "https://registry.yarnpkg.com/@ezuikit/utils-i18n/-/utils-i18n-2.0.1.tgz#e4a5d0b921763ab5554cedc02fb8e058f4640802"
  integrity sha512-846z2bDpCxioTBO3KG8Uw8QUFa6hzquSzmZKWPO6fjT3P4v6zNnXRz+Z3JCPlXnc4eesi03A+JmMAU6m5KI4gg==
  dependencies:
    deepmerge "^4.3.1"

"@ezuikit/utils-logger@^2.1.0":
  version "2.1.0"
  resolved "https://registry.yarnpkg.com/@ezuikit/utils-logger/-/utils-logger-2.1.0.tgz#d65b0277cc35a4e7f2596e7d135e5a4fd653dc3f"
  integrity sha512-Kj/vTddGWhRhOApo/QmesxqEPxkSwhwakQGZx3b3xLI8Dou2NMg8iNA+9aXU4jT5uT13TmdCn0oMC8Kbq6BMGQ==

"@ezuikit/utils-service@2.0.0":
  version "2.0.0"
  resolved "https://registry.yarnpkg.com/@ezuikit/utils-service/-/utils-service-2.0.0.tgz#1c4365b12c60f2bdca8221361b5ca4d6f3ec2cd4"
  integrity sha512-CBCPMw3uwd/vCh/YS+fZPMJrmg0LmCPO5bVkAon6VxjJJxwpVNcVb15sNbZyGR52JYt3wq7UEhnqHMprHnCSEA==
  dependencies:
    "@ezuikit/utils-tools" "^2.0.5"

"@ezuikit/utils-tools@^2.0.5", "@ezuikit/utils-tools@^2.0.6", "@ezuikit/utils-tools@^2.0.7":
  version "2.0.7"
  resolved "https://registry.yarnpkg.com/@ezuikit/utils-tools/-/utils-tools-2.0.7.tgz#96053009c89a894242deda4e1bd2bfed9c229603"
  integrity sha512-phxKRP17FunG0cwLLK951V18x96EzwO5XSfZ+FfI4jv8agbujV5HtY709lpXM0H5j4XC7pZryT70wjdRFASQgA==

dayjs@^1.11.10:
  version "1.11.19"
  resolved "https://registry.yarnpkg.com/dayjs/-/dayjs-1.11.19.tgz#15dc98e854bb43917f12021806af897c58ae2938"
  integrity sha512-t5EcLVS6QPBNqM2z8fakk/NKel+Xzshgt8FFKAn+qwlD1pzZWxh0nVCrvFK7ZDb6XucZeF9z8C7CBWTRIVApAw==

deepmerge@^4.3.1:
  version "4.3.1"
  resolved "https://registry.yarnpkg.com/deepmerge/-/deepmerge-4.3.1.tgz#44b5f2147cd3b00d4b56137685966f26fd25dd4a"
  integrity sha512-3sUqbMEc77XqpdNO7FRyRog+eW3ph+GYCbj+rK+uYyRMuwsVy0rMiVtPn+QJlKFvWP/1PYpapqYn0Me2knFn+A==

eventemitter3@^5.0.1:
  version "5.0.1"
  resolved "https://registry.yarnpkg.com/eventemitter3/-/eventemitter3-5.0.1.tgz#53f5ffd0a492ac800721bb42c66b841de96423c4"
  integrity sha512-GWkBvjiSZK87ELrYOSESUYeVIc9mvLLf/nXalMOS5dYrgZq9o5OVkbZAVM06CVxYsCwH9BDZFPlQTlPA1j4ahA==

screenfull@^5.2.0:
  version "5.2.0"
  resolved "https://registry.yarnpkg.com/screenfull/-/screenfull-5.2.0.tgz#6533d524d30621fc1283b9692146f3f13a93d1ba"
  integrity sha512-9BakfsO2aUQN2K9Fdbj87RJIEZ82Q9IGim7FqM5OsebfoFC6ZHXgDq/KvniuLTPdeM8wY2o6Dj3WQ7KeQCj3cA==

ua-parser-js@1.0.37:
  version "1.0.37"
  resolved "https://registry.yarnpkg.com/ua-parser-js/-/ua-parser-js-1.0.37.tgz#b5dc7b163a5c1f0c510b08446aed4da92c46373f"
  integrity sha512-bhTyI94tZofjo+Dn8SN6Zv8nBDvyXTymAdM3LDI/0IboIUwTu1rEhW7v2TfiVsoYWgkQ4kOVqnI8APUFbIQIFQ==
